
Microsoft Visual Studio Solution File, Format Version 12.00
# Visual Studio Version 16
VisualStudioVersion = 16.0.28803.202
MinimumVisualStudioVersion = 10.0.40219.1
Project("{FAE04EC0-301F-11D3-BF4B-00C04F79EFBC}") = "MASIC_Console", "MASIC_Console.csproj", "{B8F6182D-7381-4624-9DF7-B5F4A44CC70D}"
EndProject
Project("{FAE04EC0-301F-11D3-BF4B-00C04F79EFBC}") = "MASICPeakFinder", "MASICPeakFinder\MASICPeakFinder.csproj", "{8363E31C-CA3D-4172-99D5-3D2D3C3FD999}"
EndProject
Project("{FAE04EC0-301F-11D3-BF4B-00C04F79EFBC}") = "MatrixDecompositionUtility", "MatrixDecompositionUtility\MatrixDecompositionUtility.csproj", "{B3B19BD9-1541-4ABE-ADB4-F224F64AC408}"
EndProject
Global
	GlobalSection(SolutionConfigurationPlatforms) = preSolution
		Debug|Any CPU = Debug|Any CPU
		Release|Any CPU = Release|Any CPU
	EndGlobalSection
	GlobalSection(ProjectConfigurationPlatforms) = postSolution
		{B8F6182D-7381-4624-9DF7-B5F4A44CC70D}.Debug|Any CPU.ActiveCfg = Debug|Any CPU
		{B8F6182D-7381-4624-9DF7-B5F4A44CC70D}.Debug|Any CPU.Build.0 = Debug|Any CPU
		{B8F6182D-7381-4624-9DF7-B5F4A44CC70D}.Release|Any CPU.ActiveCfg = Release|Any CPU
		{B8F6182D-7381-4624-9DF7-B5F4A44CC70D}.Release|Any CPU.Build.0 = Release|Any CPU
		{8363E31C-CA3D-4172-99D5-3D2D3C3FD999}.Debug|Any CPU.ActiveCfg = Debug|Any CPU
		{8363E31C-CA3D-4172-99D5-3D2D3C3FD999}.Debug|Any CPU.Build.0 = Debug|Any CPU
		{8363E31C-CA3D-4172-99D5-3D2D3C3FD999}.Release|Any CPU.ActiveCfg = Release|Any CPU
		{8363E31C-CA3D-4172-99D5-3D2D3C3FD999}.Release|Any CPU.Build.0 = Release|Any CPU
		{B3B19BD9-1541-4ABE-ADB4-F224F64AC408}.Debug|Any CPU.ActiveCfg = Debug|Any CPU
		{B3B19BD9-1541-4ABE-ADB4-F224F64AC408}.Debug|Any CPU.Build.0 = Debug|Any CPU
		{B3B19BD9-1541-4ABE-ADB4-F224F64AC408}.Release|Any CPU.ActiveCfg = Release|Any CPU
		{B3B19BD9-1541-4ABE-ADB4-F224F64AC408}.Release|Any CPU.Build.0 = Release|Any CPU
	EndGlobalSection
	GlobalSection(SolutionProperties) = preSolution
		HideSolutionNode = FALSE
	EndGlobalSection
	GlobalSection(ExtensibilityGlobals) = postSolution
		SolutionGuid = {472EE08F-F70C-41C7-97A5-DE476EDB1B2F}
	EndGlobalSection
EndGlobal
