
Microsoft Visual Studio Solution File, Format Version 12.00
# Visual Studio Version 16
VisualStudioVersion = 16.0.28922.388
MinimumVisualStudioVersion = 10.0.40219.1
Project("{FAE04EC0-301F-11D3-BF4B-00C04F79EFBC}") = "MASIC", "MASIC.csproj", "{9FEF8822-30AE-4FDB-BCE6-DF99F9A86600}"
EndProject
Project("{FAE04EC0-301F-11D3-BF4B-00C04F79EFBC}") = "MASICPeakFinder", "MASICPeakFinder\MASICPeakFinder.csproj", "{8363E31C-CA3D-4172-99D5-3D2D3C3FD999}"
EndProject
Project("{FAE04EC0-301F-11D3-BF4B-00C04F79EFBC}") = "MatrixDecompositionUtility", "MatrixDecompositionUtility\MatrixDecompositionUtility.csproj", "{B3B19BD9-1541-4ABE-ADB4-F224F64AC408}"
EndProject
Project("{FAE04EC0-301F-11D3-BF4B-00C04F79EFBC}") = "MASICTest", "MASICTest\MASICTest.csproj", "{A9C8D051-6FB6-45B8-8604-0E9D277E50AD}"
EndProject
Global
	GlobalSection(SolutionConfigurationPlatforms) = preSolution
		Debug|Any CPU = Debug|Any CPU
		Release|Any CPU = Release|Any CPU
	EndGlobalSection
	GlobalSection(ProjectConfigurationPlatforms) = postSolution
		{9FEF8822-30AE-4FDB-BCE6-DF99F9A86600}.Debug|Any CPU.ActiveCfg = Debug|Any CPU
		{9FEF8822-30AE-4FDB-BCE6-DF99F9A86600}.Debug|Any CPU.Build.0 = Debug|Any CPU
		{9FEF8822-30AE-4FDB-BCE6-DF99F9A86600}.Release|Any CPU.ActiveCfg = Release|Any CPU
		{9FEF8822-30AE-4FDB-BCE6-DF99F9A86600}.Release|Any CPU.Build.0 = Release|Any CPU
		{8363E31C-CA3D-4172-99D5-3D2D3C3FD999}.Debug|Any CPU.ActiveCfg = Debug|Any CPU
		{8363E31C-CA3D-4172-99D5-3D2D3C3FD999}.Debug|Any CPU.Build.0 = Debug|Any CPU
		{8363E31C-CA3D-4172-99D5-3D2D3C3FD999}.Release|Any CPU.ActiveCfg = Release|Any CPU
		{8363E31C-CA3D-4172-99D5-3D2D3C3FD999}.Release|Any CPU.Build.0 = Release|Any CPU
		{B3B19BD9-1541-4ABE-ADB4-F224F64AC408}.Debug|Any CPU.ActiveCfg = Debug|Any CPU
		{B3B19BD9-1541-4ABE-ADB4-F224F64AC408}.Debug|Any CPU.Build.0 = Debug|Any CPU
		{B3B19BD9-1541-4ABE-ADB4-F224F64AC408}.Release|Any CPU.ActiveCfg = Release|Any CPU
		{B3B19BD9-1541-4ABE-ADB4-F224F64AC408}.Release|Any CPU.Build.0 = Release|Any CPU
		{A9C8D051-6FB6-45B8-8604-0E9D277E50AD}.Debug|Any CPU.ActiveCfg = Debug|Any CPU
		{A9C8D051-6FB6-45B8-8604-0E9D277E50AD}.Debug|Any CPU.Build.0 = Debug|Any CPU
		{A9C8D051-6FB6-45B8-8604-0E9D277E50AD}.Release|Any CPU.ActiveCfg = Release|Any CPU
		{A9C8D051-6FB6-45B8-8604-0E9D277E50AD}.Release|Any CPU.Build.0 = Release|Any CPU
	EndGlobalSection
	GlobalSection(SolutionProperties) = preSolution
		HideSolutionNode = FALSE
	EndGlobalSection
	GlobalSection(ExtensibilityGlobals) = postSolution
		SolutionGuid = {FEFD67C2-C62F-490B-9F86-29538B9E3822}
	EndGlobalSection
EndGlobal
