
Microsoft Visual Studio Solution File, Format Version 12.00
# Visual Studio 15
VisualStudioVersion = 15.0.26403.7
MinimumVisualStudioVersion = 10.0.40219.1
Project("{FAE04EC0-301F-11D3-BF4B-00C04F79EFBC}") = "MASICTest", "MASICTest.csproj", "{A9C8D051-6FB6-45B8-8604-0E9D277E50AD}"
EndProject
Project("{FAE04EC0-301F-11D3-BF4B-00C04F79EFBC}") = "MASIC", "..\MASIC.csproj", "{9FEF8822-30AE-4FDB-BCE6-DF99F9A86600}"
EndProject
Project("{FAE04EC0-301F-11D3-BF4B-00C04F79EFBC}") = "MASICPeakFinder", "..\MASICPeakFinder\MASICPeakFinder.csproj", "{8363E31C-CA3D-4172-99D5-3D2D3C3FD999}"
EndProject
Global
	GlobalSection(SolutionConfigurationPlatforms) = preSolution
		Debug|Any CPU = Debug|Any CPU
		Release|Any CPU = Release|Any CPU
	EndGlobalSection
	GlobalSection(ProjectConfigurationPlatforms) = postSolution
		{A9C8D051-6FB6-45B8-8604-0E9D277E50AD}.Debug|Any CPU.ActiveCfg = Debug|Any CPU
		{A9C8D051-6FB6-45B8-8604-0E9D277E50AD}.Debug|Any CPU.Build.0 = Debug|Any CPU
		{A9C8D051-6FB6-45B8-8604-0E9D277E50AD}.Release|Any CPU.ActiveCfg = Release|Any CPU
		{A9C8D051-6FB6-45B8-8604-0E9D277E50AD}.Release|Any CPU.Build.0 = Release|Any CPU
		{9FEF8822-30AE-4FDB-BCE6-DF99F9A86600}.Debug|Any CPU.ActiveCfg = Debug|Any CPU
		{9FEF8822-30AE-4FDB-BCE6-DF99F9A86600}.Debug|Any CPU.Build.0 = Debug|Any CPU
		{9FEF8822-30AE-4FDB-BCE6-DF99F9A86600}.Release|Any CPU.ActiveCfg = Release|Any CPU
		{9FEF8822-30AE-4FDB-BCE6-DF99F9A86600}.Release|Any CPU.Build.0 = Release|Any CPU
		{8363E31C-CA3D-4172-99D5-3D2D3C3FD999}.Debug|Any CPU.ActiveCfg = Debug|Any CPU
		{8363E31C-CA3D-4172-99D5-3D2D3C3FD999}.Debug|Any CPU.Build.0 = Debug|Any CPU
		{8363E31C-CA3D-4172-99D5-3D2D3C3FD999}.Release|Any CPU.ActiveCfg = Release|Any CPU
		{8363E31C-CA3D-4172-99D5-3D2D3C3FD999}.Release|Any CPU.Build.0 = Release|Any CPU
	EndGlobalSection
	GlobalSection(SolutionProperties) = preSolution
		HideSolutionNode = FALSE
	EndGlobalSection
EndGlobal
